// !$*UTF8*$!
{
	archiveVersion = 1;
	classes = {
	};
	objectVersion = 55;
	objects = {

/* Begin PBXBuildFile section */
		715BB1C729B9015200C78304 /* CoinPriceApp.swift in Sources */ = {isa = PBXBuildFile; fileRef = 715BB1C629B9015200C78304 /* CoinPriceApp.swift */; };
		715BB1C929B9015200C78304 /* ContentView.swift in Sources */ = {isa = PBXBuildFile; fileRef = 715BB1C829B9015200C78304 /* ContentView.swift */; };
		715BB1CB29B9015500C78304 /* Assets.xcassets in Resources */ = {isa = PBXBuildFile; fileRef = 715BB1CA29B9015500C78304 /* Assets.xcassets */; };
		715BB1CE29B9015500C78304 /* Preview Assets.xcassets in Resources */ = {isa = PBXBuildFile; fileRef = 715BB1CD29B9015500C78304 /* Preview Assets.xcassets */; };
		715BB1DF29B9022400C78304 /* HomeView.swift in Sources */ = {isa = PBXBuildFile; fileRef = 715BB1DE29B9022400C78304 /* HomeView.swift */; };
		715BB1E129B902CA00C78304 /* TopMoverView.swift in Sources */ = {isa = PBXBuildFile; fileRef = 715BB1E029B902CA00C78304 /* TopMoverView.swift */; };
		715BB1E329B902DE00C78304 /* TopMoverItemView.swift in Sources */ = {isa = PBXBuildFile; fileRef = 715BB1E229B902DE00C78304 /* TopMoverItemView.swift */; };
		715BB1E529B90C4900C78304 /* AllCoinsView.swift in Sources */ = {isa = PBXBuildFile; fileRef = 715BB1E429B90C4900C78304 /* AllCoinsView.swift */; };
		715BB1E729B90C6600C78304 /* CoinRowView.swift in Sources */ = {isa = PBXBuildFile; fileRef = 715BB1E629B90C6600C78304 /* CoinRowView.swift */; };
		715BB20929B9832700C78304 /* HomeViewModel.swift in Sources */ = {isa = PBXBuildFile; fileRef = 715BB20829B9832700C78304 /* HomeViewModel.swift */; };
		715BB20C29B985E100C78304 /* Coin.swift in Sources */ = {isa = PBXBuildFile; fileRef = 715BB20B29B985E100C78304 /* Coin.swift */; };
		715BB20F29B98E7000C78304 /* Kingfisher in Frameworks */ = {isa = PBXBuildFile; productRef = 715BB20E29B98E7000C78304 /* Kingfisher */; };
		715BB21129B9987A00C78304 /* Double.swift in Sources */ = {isa = PBXBuildFile; fileRef = 715BB21029B9987A00C78304 /* Double.swift */; };
/* End PBXBuildFile section */

/* Begin PBXFileReference section */
		715BB1C329B9015200C78304 /* CoinPrice.app */ = {isa = PBXFileReference; explicitFileType = wrapper.application; includeInIndex = 0; path = CoinPrice.app; sourceTree = BUILT_PRODUCTS_DIR; };
		715BB1C629B9015200C78304 /* CoinPriceApp.swift */ = {isa = PBXFileReference; lastKnownFileType = sourcecode.swift; path = CoinPriceApp.swift; sourceTree = "<group>"; };
		715BB1C829B9015200C78304 /* ContentView.swift */ = {isa = PBXFileReference; lastKnownFileType = sourcecode.swift; path = ContentView.swift; sourceTree = "<group>"; };
		715BB1CA29B9015500C78304 /* Assets.xcassets */ = {isa = PBXFileReference; lastKnownFileType = folder.assetcatalog; path = Assets.xcassets; sourceTree = "<group>"; };
		715BB1CD29B9015500C78304 /* Preview Assets.xcassets */ = {isa = PBXFileReference; lastKnownFileType = folder.assetcatalog; path = "Preview Assets.xcassets"; sourceTree = "<group>"; };
		715BB1DE29B9022400C78304 /* HomeView.swift */ = {isa = PBXFileReference; lastKnownFileType = sourcecode.swift; path = HomeView.swift; sourceTree = "<group>"; };
		715BB1E029B902CA00C78304 /* TopMoverView.swift */ = {isa = PBXFileReference; lastKnownFileType = sourcecode.swift; path = TopMoverView.swift; sourceTree = "<group>"; };
		715BB1E229B902DE00C78304 /* TopMoverItemView.swift */ = {isa = PBXFileReference; lastKnownFileType = sourcecode.swift; path = TopMoverItemView.swift; sourceTree = "<group>"; };
		715BB1E429B90C4900C78304 /* AllCoinsView.swift */ = {isa = PBXFileReference; lastKnownFileType = sourcecode.swift; path = AllCoinsView.swift; sourceTree = "<group>"; };
		715BB1E629B90C6600C78304 /* CoinRowView.swift */ = {isa = PBXFileReference; lastKnownFileType = sourcecode.swift; path = CoinRowView.swift; sourceTree = "<group>"; };
		715BB20829B9832700C78304 /* HomeViewModel.swift */ = {isa = PBXFileReference; lastKnownFileType = sourcecode.swift; path = HomeViewModel.swift; sourceTree = "<group>"; };
		715BB20B29B985E100C78304 /* Coin.swift */ = {isa = PBXFileReference; lastKnownFileType = sourcecode.swift; path = Coin.swift; sourceTree = "<group>"; };
		715BB21029B9987A00C78304 /* Double.swift */ = {isa = PBXFileReference; lastKnownFileType = sourcecode.swift; path = Double.swift; sourceTree = "<group>"; };
/* End PBXFileReference section */

/* Begin PBXFrameworksBuildPhase section */
		715BB1C029B9015200C78304 /* Frameworks */ = {
			isa = PBXFrameworksBuildPhase;
			buildActionMask = 2147483647;
			files = (
				715BB20F29B98E7000C78304 /* Kingfisher in Frameworks */,
			);
			runOnlyForDeploymentPostprocessing = 0;
		};
/* End PBXFrameworksBuildPhase section */

/* Begin PBXGroup section */
		715BB1BA29B9015200C78304 = {
			isa = PBXGroup;
			children = (
				715BB1C529B9015200C78304 /* CoinPrice */,
				715BB1C429B9015200C78304 /* Products */,
			);
			sourceTree = "<group>";
		};
		715BB1C429B9015200C78304 /* Products */ = {
			isa = PBXGroup;
			children = (
				715BB1C329B9015200C78304 /* CoinPrice.app */,
			);
			name = Products;
			sourceTree = "<group>";
		};
		715BB1C529B9015200C78304 /* CoinPrice */ = {
			isa = PBXGroup;
			children = (
				715BB1D729B901AA00C78304 /* Utills */,
				715BB1D829B901B200C78304 /* Extensions */,
				715BB20A29B985C800C78304 /* Models */,
				715BB1D929B901B900C78304 /* Core */,
				715BB1DA29B901BD00C78304 /* App */,
				715BB1C829B9015200C78304 /* ContentView.swift */,
				715BB1CA29B9015500C78304 /* Assets.xcassets */,
				715BB1CC29B9015500C78304 /* Preview Content */,
			);
			path = CoinPrice;
			sourceTree = "<group>";
		};
		715BB1CC29B9015500C78304 /* Preview Content */ = {
			isa = PBXGroup;
			children = (
				715BB1CD29B9015500C78304 /* Preview Assets.xcassets */,
			);
			path = "Preview Content";
			sourceTree = "<group>";
		};
		715BB1D729B901AA00C78304 /* Utills */ = {
			isa = PBXGroup;
			children = (
			);
			path = Utills;
			sourceTree = "<group>";
		};
		715BB1D829B901B200C78304 /* Extensions */ = {
			isa = PBXGroup;
			children = (
				715BB21029B9987A00C78304 /* Double.swift */,
			);
			path = Extensions;
			sourceTree = "<group>";
		};
		715BB1D929B901B900C78304 /* Core */ = {
			isa = PBXGroup;
			children = (
				715BB1DB29B901E900C78304 /* Home */,
			);
			path = Core;
			sourceTree = "<group>";
		};
		715BB1DA29B901BD00C78304 /* App */ = {
			isa = PBXGroup;
			children = (
				715BB1C629B9015200C78304 /* CoinPriceApp.swift */,
			);
			path = App;
			sourceTree = "<group>";
		};
		715BB1DB29B901E900C78304 /* Home */ = {
			isa = PBXGroup;
			children = (
				715BB1DC29B9020800C78304 /* View */,
				715BB1DD29B9020E00C78304 /* ViewModels */,
			);
			path = Home;
			sourceTree = "<group>";
		};
		715BB1DC29B9020800C78304 /* View */ = {
			isa = PBXGroup;
			children = (
				715BB1DE29B9022400C78304 /* HomeView.swift */,
				715BB1E029B902CA00C78304 /* TopMoverView.swift */,
				715BB1E229B902DE00C78304 /* TopMoverItemView.swift */,
				715BB1E429B90C4900C78304 /* AllCoinsView.swift */,
				715BB1E629B90C6600C78304 /* CoinRowView.swift */,
			);
			path = View;
			sourceTree = "<group>";
		};
		715BB1DD29B9020E00C78304 /* ViewModels */ = {
			isa = PBXGroup;
			children = (
				715BB20829B9832700C78304 /* HomeViewModel.swift */,
			);
			path = ViewModels;
			sourceTree = "<group>";
		};
		715BB20A29B985C800C78304 /* Models */ = {
			isa = PBXGroup;
			children = (
				715BB20B29B985E100C78304 /* Coin.swift */,
			);
			path = Models;
			sourceTree = "<group>";
		};
/* End PBXGroup section */

/* Begin PBXNativeTarget section */
		715BB1C229B9015200C78304 /* CoinPrice */ = {
			isa = PBXNativeTarget;
			buildConfigurationList = 715BB1D129B9015500C78304 /* Build configuration list for PBXNativeTarget "CoinPrice" */;
			buildPhases = (
				715BB1BF29B9015200C78304 /* Sources */,
				715BB1C029B9015200C78304 /* Frameworks */,
				715BB1C129B9015200C78304 /* Resources */,
			);
			buildRules = (
			);
			dependencies = (
			);
			name = CoinPrice;
			packageProductDependencies = (
				715BB20E29B98E7000C78304 /* Kingfisher */,
			);
			productName = CoinPrice;
			productReference = 715BB1C329B9015200C78304 /* CoinPrice.app */;
			productType = "com.apple.product-type.application";
		};
/* End PBXNativeTarget section */

/* Begin PBXProject section */
		715BB1BB29B9015200C78304 /* Project object */ = {
			isa = PBXProject;
			attributes = {
				BuildIndependentTargetsInParallel = 1;
				LastSwiftUpdateCheck = 1340;
				LastUpgradeCheck = 1340;
				TargetAttributes = {
					715BB1C229B9015200C78304 = {
						CreatedOnToolsVersion = 13.4.1;
					};
				};
			};
			buildConfigurationList = 715BB1BE29B9015200C78304 /* Build configuration list for PBXProject "CoinPrice" */;
			compatibilityVersion = "Xcode 13.0";
			developmentRegion = en;
			hasScannedForEncodings = 0;
			knownRegions = (
				en,
				Base,
			);
			mainGroup = 715BB1BA29B9015200C78304;
			packageReferences = (
				715BB20D29B98E7000C78304 /* XCRemoteSwiftPackageReference "Kingfisher" */,
			);
			productRefGroup = 715BB1C429B9015200C78304 /* Products */;
			projectDirPath = "";
			projectRoot = "";
			targets = (
				715BB1C229B9015200C78304 /* CoinPrice */,
			);
		};
/* End PBXProject section */

/* Begin PBXResourcesBuildPhase section */
		715BB1C129B9015200C78304 /* Resources */ = {
			isa = PBXResourcesBuildPhase;
			buildActionMask = 2147483647;
			files = (
				715BB1CE29B9015500C78304 /* Preview Assets.xcassets in Resources */,
				715BB1CB29B9015500C78304 /* Assets.xcassets in Resources */,
			);
			runOnlyForDeploymentPostprocessing = 0;
		};
/* End PBXResourcesBuildPhase section */

/* Begin PBXSourcesBuildPhase section */
		715BB1BF29B9015200C78304 /* Sources */ = {
			isa = PBXSourcesBuildPhase;
			buildActionMask = 2147483647;
			files = (
				715BB20C29B985E100C78304 /* Coin.swift in Sources */,
				715BB1E129B902CA00C78304 /* TopMoverView.swift in Sources */,
				715BB1E529B90C4900C78304 /* AllCoinsView.swift in Sources */,
				715BB1DF29B9022400C78304 /* HomeView.swift in Sources */,
				715BB20929B9832700C78304 /* HomeViewModel.swift in Sources */,
				715BB1C929B9015200C78304 /* ContentView.swift in Sources */,
				715BB1E329B902DE00C78304 /* TopMoverItemView.swift in Sources */,
				715BB1E729B90C6600C78304 /* CoinRowView.swift in Sources */,
				715BB21129B9987A00C78304 /* Double.swift in Sources */,
				715BB1C729B9015200C78304 /* CoinPriceApp.swift in Sources */,
			);
			runOnlyForDeploymentPostprocessing = 0;
		};
/* End PBXSourcesBuildPhase section */

/* Begin XCBuildConfiguration section */
		715BB1CF29B9015500C78304 /* Debug */ = {
			isa = XCBuildConfiguration;
			buildSettings = {
				ALWAYS_SEARCH_USER_PATHS = NO;
				CLANG_ANALYZER_NONNULL = YES;
				CLANG_ANALYZER_NUMBER_OBJECT_CONVERSION = YES_AGGRESSIVE;
				CLANG_CXX_LANGUAGE_STANDARD = "gnu++17";
				CLANG_ENABLE_MODULES = YES;
				CLANG_ENABLE_OBJC_ARC = YES;
				CLANG_ENABLE_OBJC_WEAK = YES;
				CLANG_WARN_BLOCK_CAPTURE_AUTORELEASING = YES;
				CLANG_WARN_BOOL_CONVERSION = YES;
				CLANG_WARN_COMMA = YES;
				CLANG_WARN_CONSTANT_CONVERSION = YES;
				CLANG_WARN_DEPRECATED_OBJC_IMPLEMENTATIONS = YES;
				CLANG_WARN_DIRECT_OBJC_ISA_USAGE = YES_ERROR;
				CLANG_WARN_DOCUMENTATION_COMMENTS = YES;
				CLANG_WARN_EMPTY_BODY = YES;
				CLANG_WARN_ENUM_CONVERSION = YES;
				CLANG_WARN_INFINITE_RECURSION = YES;
				CLANG_WARN_INT_CONVERSION = YES;
				CLANG_WARN_NON_LITERAL_NULL_CONVERSION = YES;
				CLANG_WARN_OBJC_IMPLICIT_RETAIN_SELF = YES;
				CLANG_WARN_OBJC_LITERAL_CONVERSION = YES;
				CLANG_WARN_OBJC_ROOT_CLASS = YES_ERROR;
				CLANG_WARN_QUOTED_INCLUDE_IN_FRAMEWORK_HEADER = YES;
				CLANG_WARN_RANGE_LOOP_ANALYSIS = YES;
				CLANG_WARN_STRICT_PROTOTYPES = YES;
				CLANG_WARN_SUSPICIOUS_MOVE = YES;
				CLANG_WARN_UNGUARDED_AVAILABILITY = YES_AGGRESSIVE;
				CLANG_WARN_UNREACHABLE_CODE = YES;
				CLANG_WARN__DUPLICATE_METHOD_MATCH = YES;
				COPY_PHASE_STRIP = NO;
				DEBUG_INFORMATION_FORMAT = dwarf;
				ENABLE_STRICT_OBJC_MSGSEND = YES;
				ENABLE_TESTABILITY = YES;
				GCC_C_LANGUAGE_STANDARD = gnu11;
				GCC_DYNAMIC_NO_PIC = NO;
				GCC_NO_COMMON_BLOCKS = YES;
				GCC_OPTIMIZATION_LEVEL = 0;
				GCC_PREPROCESSOR_DEFINITIONS = (
					"DEBUG=1",
					"$(inherited)",
				);
				GCC_WARN_64_TO_32_BIT_CONVERSION = YES;
				GCC_WARN_ABOUT_RETURN_TYPE = YES_ERROR;
				GCC_WARN_UNDECLARED_SELECTOR = YES;
				GCC_WARN_UNINITIALIZED_AUTOS = YES_AGGRESSIVE;
				GCC_WARN_UNUSED_FUNCTION = YES;
				GCC_WARN_UNUSED_VARIABLE = YES;
				IPHONEOS_DEPLOYMENT_TARGET = 15.5;
				MTL_ENABLE_DEBUG_INFO = INCLUDE_SOURCE;
				MTL_FAST_MATH = YES;
				ONLY_ACTIVE_ARCH = YES;
				SDKROOT = iphoneos;
				SWIFT_ACTIVE_COMPILATION_CONDITIONS = DEBUG;
				SWIFT_OPTIMIZATION_LEVEL = "-Onone";
			};
			name = Debug;
		};
		715BB1D029B9015500C78304 /* Release */ = {
			isa = XCBuildConfiguration;
			buildSettings = {
				ALWAYS_SEARCH_USER_PATHS = NO;
				CLANG_ANALYZER_NONNULL = YES;
				CLANG_ANALYZER_NUMBER_OBJECT_CONVERSION = YES_AGGRESSIVE;
				CLANG_CXX_LANGUAGE_STANDARD = "gnu++17";
				CLANG_ENABLE_MODULES = YES;
				CLANG_ENABLE_OBJC_ARC = YES;
				CLANG_ENABLE_OBJC_WEAK = YES;
				CLANG_WARN_BLOCK_CAPTURE_AUTORELEASING = YES;
				CLANG_WARN_BOOL_CONVERSION = YES;
				CLANG_WARN_COMMA = YES;
				CLANG_WARN_CONSTANT_CONVERSION = YES;
				CLANG_WARN_DEPRECATED_OBJC_IMPLEMENTATIONS = YES;
				CLANG_WARN_DIRECT_OBJC_ISA_USAGE = YES_ERROR;
				CLANG_WARN_DOCUMENTATION_COMMENTS = YES;
				CLANG_WARN_EMPTY_BODY = YES;
				CLANG_WARN_ENUM_CONVERSION = YES;
				CLANG_WARN_INFINITE_RECURSION = YES;
				CLANG_WARN_INT_CONVERSION = YES;
				CLANG_WARN_NON_LITERAL_NULL_CONVERSION = YES;
				CLANG_WARN_OBJC_IMPLICIT_RETAIN_SELF = YES;
				CLANG_WARN_OBJC_LITERAL_CONVERSION = YES;
				CLANG_WARN_OBJC_ROOT_CLASS = YES_ERROR;
				CLANG_WARN_QUOTED_INCLUDE_IN_FRAMEWORK_HEADER = YES;
				CLANG_WARN_RANGE_LOOP_ANALYSIS = YES;
				CLANG_WARN_STRICT_PROTOTYPES = YES;
				CLANG_WARN_SUSPICIOUS_MOVE = YES;
				CLANG_WARN_UNGUARDED_AVAILABILITY = YES_AGGRESSIVE;
				CLANG_WARN_UNREACHABLE_CODE = YES;
				CLANG_WARN__DUPLICATE_METHOD_MATCH = YES;
				COPY_PHASE_STRIP = NO;
				DEBUG_INFORMATION_FORMAT = "dwarf-with-dsym";
				ENABLE_NS_ASSERTIONS = NO;
				ENABLE_STRICT_OBJC_MSGSEND = YES;
				GCC_C_LANGUAGE_STANDARD = gnu11;
				GCC_NO_COMMON_BLOCKS = YES;
				GCC_WARN_64_TO_32_BIT_CONVERSION = YES;
				GCC_WARN_ABOUT_RETURN_TYPE = YES_ERROR;
				GCC_WARN_UNDECLARED_SELECTOR = YES;
				GCC_WARN_UNINITIALIZED_AUTOS = YES_AGGRESSIVE;
				GCC_WARN_UNUSED_FUNCTION = YES;
				GCC_WARN_UNUSED_VARIABLE = YES;
				IPHONEOS_DEPLOYMENT_TARGET = 15.5;
				MTL_ENABLE_DEBUG_INFO = NO;
				MTL_FAST_MATH = YES;
				SDKROOT = iphoneos;
				SWIFT_COMPILATION_MODE = wholemodule;
				SWIFT_OPTIMIZATION_LEVEL = "-O";
				VALIDATE_PRODUCT = YES;
			};
			name = Release;
		};
		715BB1D229B9015500C78304 /* Debug */ = {
			isa = XCBuildConfiguration;
			buildSettings = {
				ASSETCATALOG_COMPILER_APPICON_NAME = AppIcon;
				ASSETCATALOG_COMPILER_GLOBAL_ACCENT_COLOR_NAME = AccentColor;
				CODE_SIGN_STYLE = Automatic;
				CURRENT_PROJECT_VERSION = 1;
				DEVELOPMENT_ASSET_PATHS = "\"CoinPrice/Preview Content\"";
				DEVELOPMENT_TEAM = CBACKRJ83S;
				ENABLE_PREVIEWS = YES;
				GENERATE_INFOPLIST_FILE = YES;
				INFOPLIST_KEY_UIApplicationSceneManifest_Generation = YES;
				INFOPLIST_KEY_UIApplicationSupportsIndirectInputEvents = YES;
				INFOPLIST_KEY_UILaunchScreen_Generation = YES;
				INFOPLIST_KEY_UISupportedInterfaceOrientations_iPad = "UIInterfaceOrientationPortrait UIInterfaceOrientationPortraitUpsideDown UIInterfaceOrientationLandscapeLeft UIInterfaceOrientationLandscapeRight";
				INFOPLIST_KEY_UISupportedInterfaceOrientations_iPhone = "UIInterfaceOrientationPortrait UIInterfaceOrientationLandscapeLeft UIInterfaceOrientationLandscapeRight";
				LD_RUNPATH_SEARCH_PATHS = (
					"$(inherited)",
					"@executable_path/Frameworks",
				);
				MARKETING_VERSION = 1.0;
				PRODUCT_BUNDLE_IDENTIFIER = com.kul.boonanake.CoinPrice;
				PRODUCT_NAME = "$(TARGET_NAME)";
				SWIFT_EMIT_LOC_STRINGS = YES;
				SWIFT_VERSION = 5.0;
				TARGETED_DEVICE_FAMILY = "1,2";
			};
			name = Debug;
		};
		715BB1D329B9015500C78304 /* Release */ = {
			isa = XCBuildConfiguration;
			buildSettings = {
				ASSETCATALOG_COMPILER_APPICON_NAME = AppIcon;
				ASSETCATALOG_COMPILER_GLOBAL_ACCENT_COLOR_NAME = AccentColor;
				CODE_SIGN_STYLE = Automatic;
				CURRENT_PROJECT_VERSION = 1;
				DEVELOPMENT_ASSET_PATHS = "\"CoinPrice/Preview Content\"";
				DEVELOPMENT_TEAM = CBACKRJ83S;
				ENABLE_PREVIEWS = YES;
				GENERATE_INFOPLIST_FILE = YES;
				INFOPLIST_KEY_UIApplicationSceneManifest_Generation = YES;
				INFOPLIST_KEY_UIApplicationSupportsIndirectInputEvents = YES;
				INFOPLIST_KEY_UILaunchScreen_Generation = YES;
				INFOPLIST_KEY_UISupportedInterfaceOrientations_iPad = "UIInterfaceOrientationPortrait UIInterfaceOrientationPortraitUpsideDown UIInterfaceOrientationLandscapeLeft UIInterfaceOrientationLandscapeRight";
				INFOPLIST_KEY_UISupportedInterfaceOrientations_iPhone = "UIInterfaceOrientationPortrait UIInterfaceOrientationLandscapeLeft UIInterfaceOrientationLandscapeRight";
				LD_RUNPATH_SEARCH_PATHS = (
					"$(inherited)",
					"@executable_path/Frameworks",
				);
				MARKETING_VERSION = 1.0;
				PRODUCT_BUNDLE_IDENTIFIER = com.kul.boonanake.CoinPrice;
				PRODUCT_NAME = "$(TARGET_NAME)";
				SWIFT_EMIT_LOC_STRINGS = YES;
				SWIFT_VERSION = 5.0;
				TARGETED_DEVICE_FAMILY = "1,2";
			};
			name = Release;
		};
/* End XCBuildConfiguration section */

/* Begin XCConfigurationList section */
		715BB1BE29B9015200C78304 /* Build configuration list for PBXProject "CoinPrice" */ = {
			isa = XCConfigurationList;
			buildConfigurations = (
				715BB1CF29B9015500C78304 /* Debug */,
				715BB1D029B9015500C78304 /* Release */,
			);
			defaultConfigurationIsVisible = 0;
			defaultConfigurationName = Release;
		};
		715BB1D129B9015500C78304 /* Build configuration list for PBXNativeTarget "CoinPrice" */ = {
			isa = XCConfigurationList;
			buildConfigurations = (
				715BB1D229B9015500C78304 /* Debug */,
				715BB1D329B9015500C78304 /* Release */,
			);
			defaultConfigurationIsVisible = 0;
			defaultConfigurationName = Release;
		};
/* End XCConfigurationList section */

/* Begin XCRemoteSwiftPackageReference section */
		715BB20D29B98E7000C78304 /* XCRemoteSwiftPackageReference "Kingfisher" */ = {
			isa = XCRemoteSwiftPackageReference;
			repositoryURL = "https://github.com/onevcat/Kingfisher";
			requirement = {
				kind = upToNextMajorVersion;
				minimumVersion = 7.0.0;
			};
		};
/* End XCRemoteSwiftPackageReference section */

/* Begin XCSwiftPackageProductDependency section */
		715BB20E29B98E7000C78304 /* Kingfisher */ = {
			isa = XCSwiftPackageProductDependency;
			package = 715BB20D29B98E7000C78304 /* XCRemoteSwiftPackageReference "Kingfisher" */;
			productName = Kingfisher;
		};
/* End XCSwiftPackageProductDependency section */
	};
	rootObject = 715BB1BB29B9015200C78304 /* Project object */;
}
